
Microsoft Visual Studio Solution File, Format Version 12.00
# Visual Studio 15
VisualStudioVersion = 15.0.27703.2047
MinimumVisualStudioVersion = 10.0.40219.1
Project("{FAE04EC0-301F-11D3-BF4B-00C04F79EFBC}") = "Projeto01_ApiChamados", "Projeto01_ApiChamados\Projeto01_ApiChamados.csproj", "{AA071BAA-8CA8-4BD0-A33F-BE95C0D657AF}"
EndProject
Global
	GlobalSection(SolutionConfigurationPlatforms) = preSolution
		Debug|Any CPU = Debug|Any CPU
		Release|Any CPU = Release|Any CPU
	EndGlobalSection
	GlobalSection(ProjectConfigurationPlatforms) = postSolution
		{AA071BAA-8CA8-4BD0-A33F-BE95C0D657AF}.Debug|Any CPU.ActiveCfg = Debug|Any CPU
		{AA071BAA-8CA8-4BD0-A33F-BE95C0D657AF}.Debug|Any CPU.Build.0 = Debug|Any CPU
		{AA071BAA-8CA8-4BD0-A33F-BE95C0D657AF}.Release|Any CPU.ActiveCfg = Release|Any CPU
		{AA071BAA-8CA8-4BD0-A33F-BE95C0D657AF}.Release|Any CPU.Build.0 = Release|Any CPU
	EndGlobalSection
	GlobalSection(SolutionProperties) = preSolution
		HideSolutionNode = FALSE
	EndGlobalSection
	GlobalSection(ExtensibilityGlobals) = postSolution
		SolutionGuid = {74728417-5B25-46F4-BC56-E0CB3ADE5D00}
	EndGlobalSection
EndGlobal
